# THIS IS AN AUTOGENERATED FILE. DO NOT EDIT THIS FILE DIRECTLY.
# yarn lockfile v1


mcp-proxy@5.9.0:
  version "5.9.0"
  resolved "https://registry.yarnpkg.com/mcp-proxy/-/mcp-proxy-5.9.0.tgz#b7d58ff1b23dc12db71f7a5f1faa9395927d6190"
  integrity sha512-xonJSkuy4wmwXeykBFl0mjRMt4D0pAGCtFIfBFUz4O80VrO92ruJseIdASJO3wN6MdYHi3vbZLOQol3NsUpg4g==
